{
  "nodes": {
    "home-manager": {
      "inputs": {
        "nixpkgs": [
          "nixpkgs"
        ]
      },
      "locked": {
        "lastModified": 1749062139,
        "narHash": "sha256-gGGLujmeWU+ZjFzfMvFMI0hp9xONsSbm88187wJr82Q=",
        "owner": "nix-community",
        "repo": "home-manager",
        "rev": "86b95fc1ed2b9b04a451a08ccf13d78fb421859c",
        "type": "github"
      },
      "original": {
        "owner": "nix-community",
        "repo": "home-manager",
        "type": "github"
      }
    },
    "nixpkgs": {
      "locked": {
        "lastModified": 1749076029,
        "narHash": "sha256-sdRd3q1ebO+LyuetpJwlovAwNfwaZSK/PS8P5PfRXKY=",
        "owner": "NixOS",
        "repo": "nixpkgs",
        "rev": "fa7d2620b0b8e0e59387b3d2270606aff6c8b113",
        "type": "github"
      },
      "original": {
        "owner": "NixOS",
        "repo": "nixpkgs",
        "type": "github"
      }
    },
    "root": {
      "inputs": {
        "home-manager": "home-manager",
        "nixpkgs": "nixpkgs"
      }
    }
  },
  "root": "root",
  "version": 7
}
