{
  "nodes": {
    "claude-code": {
      "inputs": {
        "flake-utils": "flake-utils",
        "nixpkgs": [
          "nixpkgs"
        ]
      },
      "locked": {
        "lastModified": 1775271377,
        "narHash": "sha256-0ru4G0uQeokPTlJGuRHf3ApBZMeuIRdUyp0SYi//RWM=",
        "owner": "sadjow",
        "repo": "claude-code-nix",
        "rev": "214fdf6592f40a8bb472e80283c029d01fb6653d",
        "type": "github"
      },
      "original": {
        "owner": "sadjow",
        "repo": "claude-code-nix",
        "type": "github"
      }
    },
    "codex-cli": {
      "inputs": {
        "flake-utils": "flake-utils_2",
        "nixpkgs": [
          "nixpkgs"
        ]
      },
      "locked": {
        "lastModified": 1774977969,
        "narHash": "sha256-MbCh0ayUhnP8Z/83tTPR9iTzNxQkfleedmlcgsHh1LA=",
        "owner": "sadjow",
        "repo": "codex-cli-nix",
        "rev": "8be597476146c75f440708f9a7ad50ae489641c4",
        "type": "github"
      },
      "original": {
        "owner": "sadjow",
        "repo": "codex-cli-nix",
        "type": "github"
      }
    },
    "datumctl": {
      "inputs": {
        "flake-utils": "flake-utils_3",
        "nixpkgs": [
          "nixpkgs"
        ]
      },
      "locked": {
        "lastModified": 1775232710,
        "narHash": "sha256-yneMg4VWA/NZf1VpJrs8FzRQzHPRMjrR4o9rZ+QBuNE=",
        "owner": "datum-cloud",
        "repo": "datumctl",
        "rev": "27509fc0507066c8d705c2407d366c17fe595ae1",
        "type": "github"
      },
      "original": {
        "owner": "datum-cloud",
        "repo": "datumctl",
        "type": "github"
      }
    },
    "flake-utils": {
      "inputs": {
        "systems": "systems"
      },
      "locked": {
        "lastModified": 1731533236,
        "narHash": "sha256-l0KFg5HjrsfsO/JpG+r7fRrqm12kzFHyUHqHCVpMMbI=",
        "owner": "numtide",
        "repo": "flake-utils",
        "rev": "11707dc2f618dd54ca8739b309ec4fc024de578b",
        "type": "github"
      },
      "original": {
        "owner": "numtide",
        "repo": "flake-utils",
        "type": "github"
      }
    },
    "flake-utils_2": {
      "inputs": {
        "systems": "systems_2"
      },
      "locked": {
        "lastModified": 1731533236,
        "narHash": "sha256-l0KFg5HjrsfsO/JpG+r7fRrqm12kzFHyUHqHCVpMMbI=",
        "owner": "numtide",
        "repo": "flake-utils",
        "rev": "11707dc2f618dd54ca8739b309ec4fc024de578b",
        "type": "github"
      },
      "original": {
        "owner": "numtide",
        "repo": "flake-utils",
        "type": "github"
      }
    },
    "flake-utils_3": {
      "inputs": {
        "systems": "systems_3"
      },
      "locked": {
        "lastModified": 1731533236,
        "narHash": "sha256-l0KFg5HjrsfsO/JpG+r7fRrqm12kzFHyUHqHCVpMMbI=",
        "owner": "numtide",
        "repo": "flake-utils",
        "rev": "11707dc2f618dd54ca8739b309ec4fc024de578b",
        "type": "github"
      },
      "original": {
        "owner": "numtide",
        "repo": "flake-utils",
        "type": "github"
      }
    },
    "flake-utils_4": {
      "inputs": {
        "systems": "systems_4"
      },
      "locked": {
        "lastModified": 1731533236,
        "narHash": "sha256-l0KFg5HjrsfsO/JpG+r7fRrqm12kzFHyUHqHCVpMMbI=",
        "owner": "numtide",
        "repo": "flake-utils",
        "rev": "11707dc2f618dd54ca8739b309ec4fc024de578b",
        "type": "github"
      },
      "original": {
        "owner": "numtide",
        "repo": "flake-utils",
        "type": "github"
      }
    },
    "flake-utils_5": {
      "inputs": {
        "systems": "systems_5"
      },
      "locked": {
        "lastModified": 1731533236,
        "narHash": "sha256-l0KFg5HjrsfsO/JpG+r7fRrqm12kzFHyUHqHCVpMMbI=",
        "owner": "numtide",
        "repo": "flake-utils",
        "rev": "11707dc2f618dd54ca8739b309ec4fc024de578b",
        "type": "github"
      },
      "original": {
        "owner": "numtide",
        "repo": "flake-utils",
        "type": "github"
      }
    },
    "gemini-cli": {
      "inputs": {
        "flake-utils": "flake-utils_4",
        "nixpkgs": [
          "nixpkgs"
        ]
      },
      "locked": {
        "lastModified": 1775233307,
        "narHash": "sha256-5UPHkouws6ftEpJ3QJZtOKHd9mzY/FlPSjckCaUT/Ws=",
        "owner": "sadjow",
        "repo": "gemini-cli-nix",
        "rev": "12ff4d3e2e238265721ee97e0094a45c7f536e61",
        "type": "github"
      },
      "original": {
        "owner": "sadjow",
        "repo": "gemini-cli-nix",
        "type": "github"
      }
    },
    "home-manager": {
      "inputs": {
        "nixpkgs": [
          "nixpkgs"
        ]
      },
      "locked": {
        "lastModified": 1775457580,
        "narHash": "sha256-ikws/ssAmG20AGrEwBuwspwPlkubJu34mB+Uz2fJBJs=",
        "owner": "nix-community",
        "repo": "home-manager",
        "rev": "5de7dbd151b0bd65d45785553d4a22d832733ffc",
        "type": "github"
      },
      "original": {
        "owner": "nix-community",
        "repo": "home-manager",
        "type": "github"
      }
    },
    "nixpkgs": {
      "locked": {
        "lastModified": 1775036866,
        "narHash": "sha256-ZojAnPuCdy657PbTq5V0Y+AHKhZAIwSIT2cb8UgAz/U=",
        "owner": "nixos",
        "repo": "nixpkgs",
        "rev": "6201e203d09599479a3b3450ed24fa81537ebc4e",
        "type": "github"
      },
      "original": {
        "owner": "nixos",
        "ref": "nixos-unstable",
        "repo": "nixpkgs",
        "type": "github"
      }
    },
    "opencode": {
      "inputs": {
        "nixpkgs": [
          "nixpkgs"
        ]
      },
      "locked": {
        "lastModified": 1775461158,
        "narHash": "sha256-FiQzBj3C0sAnKU+WMktliqt0zM3YQDrgQbner1LOTi8=",
        "owner": "anomalyco",
        "repo": "opencode",
        "rev": "517e6c9aa4c61dbc125e7654fc596f1d529f20d9",
        "type": "github"
      },
      "original": {
        "owner": "anomalyco",
        "repo": "opencode",
        "type": "github"
      }
    },
    "root": {
      "inputs": {
        "claude-code": "claude-code",
        "codex-cli": "codex-cli",
        "datumctl": "datumctl",
        "gemini-cli": "gemini-cli",
        "home-manager": "home-manager",
        "nixpkgs": "nixpkgs",
        "opencode": "opencode",
        "una-src": "una-src",
        "zigutils": "zigutils"
      }
    },
    "systems": {
      "locked": {
        "lastModified": 1681028828,
        "narHash": "sha256-Vy1rq5AaRuLzOxct8nz4T6wlgyUR7zLU309k9mBC768=",
        "owner": "nix-systems",
        "repo": "default",
        "rev": "da67096a3b9bf56a91d16901293e51ba5b49a27e",
        "type": "github"
      },
      "original": {
        "owner": "nix-systems",
        "repo": "default",
        "type": "github"
      }
    },
    "systems_2": {
      "locked": {
        "lastModified": 1681028828,
        "narHash": "sha256-Vy1rq5AaRuLzOxct8nz4T6wlgyUR7zLU309k9mBC768=",
        "owner": "nix-systems",
        "repo": "default",
        "rev": "da67096a3b9bf56a91d16901293e51ba5b49a27e",
        "type": "github"
      },
      "original": {
        "owner": "nix-systems",
        "repo": "default",
        "type": "github"
      }
    },
    "systems_3": {
      "locked": {
        "lastModified": 1681028828,
        "narHash": "sha256-Vy1rq5AaRuLzOxct8nz4T6wlgyUR7zLU309k9mBC768=",
        "owner": "nix-systems",
        "repo": "default",
        "rev": "da67096a3b9bf56a91d16901293e51ba5b49a27e",
        "type": "github"
      },
      "original": {
        "owner": "nix-systems",
        "repo": "default",
        "type": "github"
      }
    },
    "systems_4": {
      "locked": {
        "lastModified": 1681028828,
        "narHash": "sha256-Vy1rq5AaRuLzOxct8nz4T6wlgyUR7zLU309k9mBC768=",
        "owner": "nix-systems",
        "repo": "default",
        "rev": "da67096a3b9bf56a91d16901293e51ba5b49a27e",
        "type": "github"
      },
      "original": {
        "owner": "nix-systems",
        "repo": "default",
        "type": "github"
      }
    },
    "systems_5": {
      "locked": {
        "lastModified": 1681028828,
        "narHash": "sha256-Vy1rq5AaRuLzOxct8nz4T6wlgyUR7zLU309k9mBC768=",
        "owner": "nix-systems",
        "repo": "default",
        "rev": "da67096a3b9bf56a91d16901293e51ba5b49a27e",
        "type": "github"
      },
      "original": {
        "owner": "nix-systems",
        "repo": "default",
        "type": "github"
      }
    },
    "una-src": {
      "flake": false,
      "locked": {
        "lastModified": 1773692812,
        "narHash": "sha256-WLkjWikI2xbPIoUcaA3LvqqMLMQRCejl2CnKbQyzrZ0=",
        "owner": "jwiegley",
        "repo": "una",
        "rev": "745f2efc7a9e9fe0981017eeff7500eaaf7fd320",
        "type": "github"
      },
      "original": {
        "owner": "jwiegley",
        "repo": "una",
        "type": "github"
      }
    },
    "zigutils": {
      "inputs": {
        "flake-utils": "flake-utils_5",
        "nixpkgs": [
          "nixpkgs"
        ]
      },
      "locked": {
        "lastModified": 1770161545,
        "narHash": "sha256-pNhlBs06L1h2kbUNW5lQv59n6Tv6/6417/e785qjVi8=",
        "owner": "drewr",
        "repo": "zigutils",
        "rev": "e194b0a2a154dee8bf1e67c744de8abc8bf91958",
        "type": "github"
      },
      "original": {
        "owner": "drewr",
        "repo": "zigutils",
        "type": "github"
      }
    }
  },
  "root": "root",
  "version": 7
}
